
Microsoft Visual Studio Solution File, Format Version 12.00
# Visual Studio Version 17
VisualStudioVersion = 17.9.34701.34
MinimumVisualStudioVersion = 10.0.40219.1
Project("{FAE04EC0-301F-11D3-BF4B-00C04F79EFBC}") = "comp367quiz4", "comp367quiz4\comp367quiz4.csproj", "{A60F9F32-283D-41BE-A403-C79F42421676}"
EndProject
Global
	GlobalSection(SolutionConfigurationPlatforms) = preSolution
		Debug|Any CPU = Debug|Any CPU
		Release|Any CPU = Release|Any CPU
	EndGlobalSection
	GlobalSection(ProjectConfigurationPlatforms) = postSolution
		{A60F9F32-283D-41BE-A403-C79F42421676}.Debug|Any CPU.ActiveCfg = Debug|Any CPU
		{A60F9F32-283D-41BE-A403-C79F42421676}.Debug|Any CPU.Build.0 = Debug|Any CPU
		{A60F9F32-283D-41BE-A403-C79F42421676}.Release|Any CPU.ActiveCfg = Release|Any CPU
		{A60F9F32-283D-41BE-A403-C79F42421676}.Release|Any CPU.Build.0 = Release|Any CPU
	EndGlobalSection
	GlobalSection(SolutionProperties) = preSolution
		HideSolutionNode = FALSE
	EndGlobalSection
	GlobalSection(ExtensibilityGlobals) = postSolution
		SolutionGuid = {96ACD4D9-06D8-4D19-9069-92C60C15FB33}
	EndGlobalSection
EndGlobal
